{
  "requires": true,
  "lockfileVersion": 1,
  "dependencies": {
    "@agm/core": {
      "version": "1.0.0-beta.3",
      "resolved": "https://registry.npmjs.org/@agm/core/-/core-1.0.0-beta.3.tgz",
      "integrity": "sha512-nsyergarmMB4JCw7KGujj86ulgRYhEk8zXKRiJZdnju/irLvazQ/9Anlfsf1Rc5yph8sZrmQDwqLGZ6AqHhnzA=="
    }
  }
}
